// !$*UTF8*$!
{
	archiveVersion = 1;
	classes = {
	};
	objectVersion = 50;
	objects = {

/* Begin PBXBuildFile section */
		872BF2F020AFD31900E0B540 /* main.c in Sources */ = {isa = PBXBuildFile; fileRef = 872BF2EF20AFD31900E0B540 /* main.c */; };
		872BF2F820AFD3D700E0B540 /* stool.c in Sources */ = {isa = PBXBuildFile; fileRef = 872BF2F720AFD3D700E0B540 /* stool.c */; };
		87F1135D20B3D34F004E1071 /* patchfinder32.c in Sources */ = {isa = PBXBuildFile; fileRef = 87F1135B20B3D34F004E1071 /* patchfinder32.c */; };
/* End PBXBuildFile section */

/* Begin PBXCopyFilesBuildPhase section */
		872BF2EA20AFD31900E0B540 /* CopyFiles */ = {
			isa = PBXCopyFilesBuildPhase;
			buildActionMask = 2147483647;
			dstPath = /usr/share/man/man1/;
			dstSubfolderSpec = 0;
			files = (
			);
			runOnlyForDeploymentPostprocessing = 1;
		};
/* End PBXCopyFilesBuildPhase section */

/* Begin PBXFileReference section */
		872BF2EC20AFD31900E0B540 /* stool */ = {isa = PBXFileReference; explicitFileType = "compiled.mach-o.executable"; includeInIndex = 0; path = stool; sourceTree = BUILT_PRODUCTS_DIR; };
		872BF2EF20AFD31900E0B540 /* main.c */ = {isa = PBXFileReference; lastKnownFileType = sourcecode.c.c; path = main.c; sourceTree = "<group>"; };
		872BF2F620AFD3D600E0B540 /* stool.h */ = {isa = PBXFileReference; lastKnownFileType = sourcecode.c.h; path = stool.h; sourceTree = "<group>"; };
		872BF2F720AFD3D700E0B540 /* stool.c */ = {isa = PBXFileReference; lastKnownFileType = sourcecode.c.c; path = stool.c; sourceTree = "<group>"; };
		872BF2F920AFD40100E0B540 /* all_stool.h */ = {isa = PBXFileReference; lastKnownFileType = sourcecode.c.h; path = all_stool.h; sourceTree = "<group>"; };
		87F1135B20B3D34F004E1071 /* patchfinder32.c */ = {isa = PBXFileReference; fileEncoding = 4; lastKnownFileType = sourcecode.c.c; name = patchfinder32.c; path = external/offsetfinder/offsetfinder/patchfinder32/patchfinder32.c; sourceTree = SOURCE_ROOT; };
		87F1135C20B3D34F004E1071 /* patchfinder32.h */ = {isa = PBXFileReference; fileEncoding = 4; lastKnownFileType = sourcecode.c.h; name = patchfinder32.h; path = external/offsetfinder/offsetfinder/patchfinder32/patchfinder32.h; sourceTree = SOURCE_ROOT; };
/* End PBXFileReference section */

/* Begin PBXFrameworksBuildPhase section */
		872BF2E920AFD31900E0B540 /* Frameworks */ = {
			isa = PBXFrameworksBuildPhase;
			buildActionMask = 2147483647;
			files = (
			);
			runOnlyForDeploymentPostprocessing = 0;
		};
/* End PBXFrameworksBuildPhase section */

/* Begin PBXGroup section */
		872BF2E320AFD31900E0B540 = {
			isa = PBXGroup;
			children = (
				872BF2EE20AFD31900E0B540 /* stool */,
				872BF2ED20AFD31900E0B540 /* Products */,
			);
			sourceTree = "<group>";
		};
		872BF2ED20AFD31900E0B540 /* Products */ = {
			isa = PBXGroup;
			children = (
				872BF2EC20AFD31900E0B540 /* stool */,
			);
			name = Products;
			sourceTree = "<group>";
		};
		872BF2EE20AFD31900E0B540 /* stool */ = {
			isa = PBXGroup;
			children = (
				87F1135820B3D312004E1071 /* external */,
				872BF2F920AFD40100E0B540 /* all_stool.h */,
				872BF2F620AFD3D600E0B540 /* stool.h */,
				872BF2F720AFD3D700E0B540 /* stool.c */,
				872BF2EF20AFD31900E0B540 /* main.c */,
			);
			path = stool;
			sourceTree = "<group>";
		};
		87F1135820B3D312004E1071 /* external */ = {
			isa = PBXGroup;
			children = (
				87F1135920B3D334004E1071 /* offsetfinder */,
			);
			path = external;
			sourceTree = "<group>";
		};
		87F1135920B3D334004E1071 /* offsetfinder */ = {
			isa = PBXGroup;
			children = (
				87F1135A20B3D341004E1071 /* patchfinder32 */,
			);
			path = offsetfinder;
			sourceTree = "<group>";
		};
		87F1135A20B3D341004E1071 /* patchfinder32 */ = {
			isa = PBXGroup;
			children = (
				87F1135C20B3D34F004E1071 /* patchfinder32.h */,
				87F1135B20B3D34F004E1071 /* patchfinder32.c */,
			);
			path = patchfinder32;
			sourceTree = "<group>";
		};
/* End PBXGroup section */

/* Begin PBXNativeTarget section */
		872BF2EB20AFD31900E0B540 /* stool */ = {
			isa = PBXNativeTarget;
			buildConfigurationList = 872BF2F320AFD31900E0B540 /* Build configuration list for PBXNativeTarget "stool" */;
			buildPhases = (
				872BF2E820AFD31900E0B540 /* Sources */,
				872BF2E920AFD31900E0B540 /* Frameworks */,
				872BF2EA20AFD31900E0B540 /* CopyFiles */,
			);
			buildRules = (
			);
			dependencies = (
			);
			name = stool;
			productName = stool;
			productReference = 872BF2EC20AFD31900E0B540 /* stool */;
			productType = "com.apple.product-type.tool";
		};
/* End PBXNativeTarget section */

/* Begin PBXProject section */
		872BF2E420AFD31900E0B540 /* Project object */ = {
			isa = PBXProject;
			attributes = {
				LastUpgradeCheck = 0930;
				ORGANIZATIONNAME = tihmstar;
				TargetAttributes = {
					872BF2EB20AFD31900E0B540 = {
						CreatedOnToolsVersion = 9.3;
					};
				};
			};
			buildConfigurationList = 872BF2E720AFD31900E0B540 /* Build configuration list for PBXProject "stool" */;
			compatibilityVersion = "Xcode 9.3";
			developmentRegion = en;
			hasScannedForEncodings = 0;
			knownRegions = (
				en,
			);
			mainGroup = 872BF2E320AFD31900E0B540;
			productRefGroup = 872BF2ED20AFD31900E0B540 /* Products */;
			projectDirPath = "";
			projectRoot = "";
			targets = (
				872BF2EB20AFD31900E0B540 /* stool */,
			);
		};
/* End PBXProject section */

/* Begin PBXSourcesBuildPhase section */
		872BF2E820AFD31900E0B540 /* Sources */ = {
			isa = PBXSourcesBuildPhase;
			buildActionMask = 2147483647;
			files = (
				872BF2F020AFD31900E0B540 /* main.c in Sources */,
				87F1135D20B3D34F004E1071 /* patchfinder32.c in Sources */,
				872BF2F820AFD3D700E0B540 /* stool.c in Sources */,
			);
			runOnlyForDeploymentPostprocessing = 0;
		};
/* End PBXSourcesBuildPhase section */

/* Begin XCBuildConfiguration section */
		872BF2F120AFD31900E0B540 /* Debug */ = {
			isa = XCBuildConfiguration;
			buildSettings = {
				ALWAYS_SEARCH_USER_PATHS = NO;
				CLANG_ANALYZER_NONNULL = YES;
				CLANG_ANALYZER_NUMBER_OBJECT_CONVERSION = YES_AGGRESSIVE;
				CLANG_CXX_LANGUAGE_STANDARD = "gnu++14";
				CLANG_CXX_LIBRARY = "libc++";
				CLANG_ENABLE_MODULES = YES;
				CLANG_ENABLE_OBJC_ARC = YES;
				CLANG_ENABLE_OBJC_WEAK = YES;
				CLANG_WARN_BLOCK_CAPTURE_AUTORELEASING = YES;
				CLANG_WARN_BOOL_CONVERSION = YES;
				CLANG_WARN_COMMA = YES;
				CLANG_WARN_CONSTANT_CONVERSION = YES;
				CLANG_WARN_DEPRECATED_OBJC_IMPLEMENTATIONS = YES;
				CLANG_WARN_DIRECT_OBJC_ISA_USAGE = YES_ERROR;
				CLANG_WARN_DOCUMENTATION_COMMENTS = YES;
				CLANG_WARN_EMPTY_BODY = YES;
				CLANG_WARN_ENUM_CONVERSION = YES;
				CLANG_WARN_INFINITE_RECURSION = YES;
				CLANG_WARN_INT_CONVERSION = YES;
				CLANG_WARN_NON_LITERAL_NULL_CONVERSION = YES;
				CLANG_WARN_OBJC_IMPLICIT_RETAIN_SELF = YES;
				CLANG_WARN_OBJC_LITERAL_CONVERSION = YES;
				CLANG_WARN_OBJC_ROOT_CLASS = YES_ERROR;
				CLANG_WARN_RANGE_LOOP_ANALYSIS = YES;
				CLANG_WARN_STRICT_PROTOTYPES = YES;
				CLANG_WARN_SUSPICIOUS_MOVE = YES;
				CLANG_WARN_UNGUARDED_AVAILABILITY = YES_AGGRESSIVE;
				CLANG_WARN_UNREACHABLE_CODE = YES;
				CLANG_WARN__DUPLICATE_METHOD_MATCH = YES;
				CODE_SIGN_IDENTITY = "-";
				COPY_PHASE_STRIP = NO;
				DEBUG_INFORMATION_FORMAT = dwarf;
				ENABLE_STRICT_OBJC_MSGSEND = YES;
				ENABLE_TESTABILITY = YES;
				GCC_C_LANGUAGE_STANDARD = gnu11;
				GCC_DYNAMIC_NO_PIC = NO;
				GCC_NO_COMMON_BLOCKS = YES;
				GCC_OPTIMIZATION_LEVEL = 0;
				GCC_PREPROCESSOR_DEFINITIONS = (
					"DEBUG=1",
					"$(inherited)",
				);
				GCC_WARN_64_TO_32_BIT_CONVERSION = YES;
				GCC_WARN_ABOUT_RETURN_TYPE = YES_ERROR;
				GCC_WARN_UNDECLARED_SELECTOR = YES;
				GCC_WARN_UNINITIALIZED_AUTOS = YES_AGGRESSIVE;
				GCC_WARN_UNUSED_FUNCTION = YES;
				GCC_WARN_UNUSED_VARIABLE = YES;
				MACOSX_DEPLOYMENT_TARGET = 10.13;
				MTL_ENABLE_DEBUG_INFO = YES;
				ONLY_ACTIVE_ARCH = YES;
				SDKROOT = macosx;
			};
			name = Debug;
		};
		872BF2F220AFD31900E0B540 /* Release */ = {
			isa = XCBuildConfiguration;
			buildSettings = {
				ALWAYS_SEARCH_USER_PATHS = NO;
				CLANG_ANALYZER_NONNULL = YES;
				CLANG_ANALYZER_NUMBER_OBJECT_CONVERSION = YES_AGGRESSIVE;
				CLANG_CXX_LANGUAGE_STANDARD = "gnu++14";
				CLANG_CXX_LIBRARY = "libc++";
				CLANG_ENABLE_MODULES = YES;
				CLANG_ENABLE_OBJC_ARC = YES;
				CLANG_ENABLE_OBJC_WEAK = YES;
				CLANG_WARN_BLOCK_CAPTURE_AUTORELEASING = YES;
				CLANG_WARN_BOOL_CONVERSION = YES;
				CLANG_WARN_COMMA = YES;
				CLANG_WARN_CONSTANT_CONVERSION = YES;
				CLANG_WARN_DEPRECATED_OBJC_IMPLEMENTATIONS = YES;
				CLANG_WARN_DIRECT_OBJC_ISA_USAGE = YES_ERROR;
				CLANG_WARN_DOCUMENTATION_COMMENTS = YES;
				CLANG_WARN_EMPTY_BODY = YES;
				CLANG_WARN_ENUM_CONVERSION = YES;
				CLANG_WARN_INFINITE_RECURSION = YES;
				CLANG_WARN_INT_CONVERSION = YES;
				CLANG_WARN_NON_LITERAL_NULL_CONVERSION = YES;
				CLANG_WARN_OBJC_IMPLICIT_RETAIN_SELF = YES;
				CLANG_WARN_OBJC_LITERAL_CONVERSION = YES;
				CLANG_WARN_OBJC_ROOT_CLASS = YES_ERROR;
				CLANG_WARN_RANGE_LOOP_ANALYSIS = YES;
				CLANG_WARN_STRICT_PROTOTYPES = YES;
				CLANG_WARN_SUSPICIOUS_MOVE = YES;
				CLANG_WARN_UNGUARDED_AVAILABILITY = YES_AGGRESSIVE;
				CLANG_WARN_UNREACHABLE_CODE = YES;
				CLANG_WARN__DUPLICATE_METHOD_MATCH = YES;
				CODE_SIGN_IDENTITY = "-";
				COPY_PHASE_STRIP = NO;
				DEBUG_INFORMATION_FORMAT = "dwarf-with-dsym";
				ENABLE_NS_ASSERTIONS = NO;
				ENABLE_STRICT_OBJC_MSGSEND = YES;
				GCC_C_LANGUAGE_STANDARD = gnu11;
				GCC_NO_COMMON_BLOCKS = YES;
				GCC_WARN_64_TO_32_BIT_CONVERSION = YES;
				GCC_WARN_ABOUT_RETURN_TYPE = YES_ERROR;
				GCC_WARN_UNDECLARED_SELECTOR = YES;
				GCC_WARN_UNINITIALIZED_AUTOS = YES_AGGRESSIVE;
				GCC_WARN_UNUSED_FUNCTION = YES;
				GCC_WARN_UNUSED_VARIABLE = YES;
				MACOSX_DEPLOYMENT_TARGET = 10.13;
				MTL_ENABLE_DEBUG_INFO = NO;
				SDKROOT = macosx;
			};
			name = Release;
		};
		872BF2F420AFD31900E0B540 /* Debug */ = {
			isa = XCBuildConfiguration;
			buildSettings = {
				CODE_SIGN_STYLE = Automatic;
				PRODUCT_NAME = "$(TARGET_NAME)";
			};
			name = Debug;
		};
		872BF2F520AFD31900E0B540 /* Release */ = {
			isa = XCBuildConfiguration;
			buildSettings = {
				CODE_SIGN_STYLE = Automatic;
				PRODUCT_NAME = "$(TARGET_NAME)";
			};
			name = Release;
		};
/* End XCBuildConfiguration section */

/* Begin XCConfigurationList section */
		872BF2E720AFD31900E0B540 /* Build configuration list for PBXProject "stool" */ = {
			isa = XCConfigurationList;
			buildConfigurations = (
				872BF2F120AFD31900E0B540 /* Debug */,
				872BF2F220AFD31900E0B540 /* Release */,
			);
			defaultConfigurationIsVisible = 0;
			defaultConfigurationName = Release;
		};
		872BF2F320AFD31900E0B540 /* Build configuration list for PBXNativeTarget "stool" */ = {
			isa = XCConfigurationList;
			buildConfigurations = (
				872BF2F420AFD31900E0B540 /* Debug */,
				872BF2F520AFD31900E0B540 /* Release */,
			);
			defaultConfigurationIsVisible = 0;
			defaultConfigurationName = Release;
		};
/* End XCConfigurationList section */
	};
	rootObject = 872BF2E420AFD31900E0B540 /* Project object */;
}
